// !$*UTF8*$!
{
	archiveVersion = 1;
	classes = {
	};
	objectVersion = 46;
	objects = {

/* Begin PBXBuildFile section */
		4B358A774DC6440F7A28F6D5 /* Pods_Jade_Swift.framework in Frameworks */ = {isa = PBXBuildFile; fileRef = 0055F87D393F84552D3B38AC /* Pods_Jade_Swift.framework */; settings = {ATTRIBUTES = (Weak, ); }; };
		DF37DB071BB1E200000FE952 /* MapKit.framework in Frameworks */ = {isa = PBXBuildFile; fileRef = DF37DB061BB1E200000FE952 /* MapKit.framework */; };
		DFD12D2E1BB1D82E00EF6079 /* AppDelegate.swift in Sources */ = {isa = PBXBuildFile; fileRef = DFD12D2D1BB1D82E00EF6079 /* AppDelegate.swift */; };
		DFD12D301BB1D82E00EF6079 /* MapViewController.swift in Sources */ = {isa = PBXBuildFile; fileRef = DFD12D2F1BB1D82E00EF6079 /* MapViewController.swift */; };
		DFD12D331BB1D82E00EF6079 /* Main.storyboard in Resources */ = {isa = PBXBuildFile; fileRef = DFD12D311BB1D82E00EF6079 /* Main.storyboard */; };
		DFD12D361BB1D82E00EF6079 /* Jade_Swift.xcdatamodeld in Sources */ = {isa = PBXBuildFile; fileRef = DFD12D341BB1D82E00EF6079 /* Jade_Swift.xcdatamodeld */; };
		DFD12D381BB1D82E00EF6079 /* Assets.xcassets in Resources */ = {isa = PBXBuildFile; fileRef = DFD12D371BB1D82E00EF6079 /* Assets.xcassets */; };
		DFD12D3B1BB1D82E00EF6079 /* LaunchScreen.storyboard in Resources */ = {isa = PBXBuildFile; fileRef = DFD12D391BB1D82E00EF6079 /* LaunchScreen.storyboard */; };
		DFD12D461BB1D82E00EF6079 /* Jade_SwiftTests.swift in Sources */ = {isa = PBXBuildFile; fileRef = DFD12D451BB1D82E00EF6079 /* Jade_SwiftTests.swift */; };
		DFD12D511BB1D82E00EF6079 /* Jade_SwiftUITests.swift in Sources */ = {isa = PBXBuildFile; fileRef = DFD12D501BB1D82E00EF6079 /* Jade_SwiftUITests.swift */; };
/* End PBXBuildFile section */

/* Begin PBXContainerItemProxy section */
		DFD12D421BB1D82E00EF6079 /* PBXContainerItemProxy */ = {
			isa = PBXContainerItemProxy;
			containerPortal = DFD12D221BB1D82E00EF6079 /* Project object */;
			proxyType = 1;
			remoteGlobalIDString = DFD12D291BB1D82E00EF6079;
			remoteInfo = "Jade-Swift";
		};
		DFD12D4D1BB1D82E00EF6079 /* PBXContainerItemProxy */ = {
			isa = PBXContainerItemProxy;
			containerPortal = DFD12D221BB1D82E00EF6079 /* Project object */;
			proxyType = 1;
			remoteGlobalIDString = DFD12D291BB1D82E00EF6079;
			remoteInfo = "Jade-Swift";
		};
/* End PBXContainerItemProxy section */

/* Begin PBXFileReference section */
		0055F87D393F84552D3B38AC /* Pods_Jade_Swift.framework */ = {isa = PBXFileReference; explicitFileType = wrapper.framework; includeInIndex = 0; path = Pods_Jade_Swift.framework; sourceTree = BUILT_PRODUCTS_DIR; };
		7C9D557944F785BB992D9BD3 /* Pods-Jade-Swift.debug.xcconfig */ = {isa = PBXFileReference; includeInIndex = 1; lastKnownFileType = text.xcconfig; name = "Pods-Jade-Swift.debug.xcconfig"; path = "Pods/Target Support Files/Pods-Jade-Swift/Pods-Jade-Swift.debug.xcconfig"; sourceTree = "<group>"; };
		87C958952A04AB216A0D82C0 /* Pods-Jade-Swift.release.xcconfig */ = {isa = PBXFileReference; includeInIndex = 1; lastKnownFileType = text.xcconfig; name = "Pods-Jade-Swift.release.xcconfig"; path = "Pods/Target Support Files/Pods-Jade-Swift/Pods-Jade-Swift.release.xcconfig"; sourceTree = "<group>"; };
		DF37DB061BB1E200000FE952 /* MapKit.framework */ = {isa = PBXFileReference; lastKnownFileType = wrapper.framework; name = MapKit.framework; path = System/Library/Frameworks/MapKit.framework; sourceTree = SDKROOT; };
		DFD12D2A1BB1D82E00EF6079 /* Jade-Swift.app */ = {isa = PBXFileReference; explicitFileType = wrapper.application; includeInIndex = 0; path = "Jade-Swift.app"; sourceTree = BUILT_PRODUCTS_DIR; };
		DFD12D2D1BB1D82E00EF6079 /* AppDelegate.swift */ = {isa = PBXFileReference; lastKnownFileType = sourcecode.swift; path = AppDelegate.swift; sourceTree = "<group>"; };
		DFD12D2F1BB1D82E00EF6079 /* MapViewController.swift */ = {isa = PBXFileReference; lastKnownFileType = sourcecode.swift; path = MapViewController.swift; sourceTree = "<group>"; };
		DFD12D321BB1D82E00EF6079 /* Base */ = {isa = PBXFileReference; lastKnownFileType = file.storyboard; name = Base; path = Base.lproj/Main.storyboard; sourceTree = "<group>"; };
		DFD12D351BB1D82E00EF6079 /* Jade_Swift.xcdatamodel */ = {isa = PBXFileReference; lastKnownFileType = wrapper.xcdatamodel; path = Jade_Swift.xcdatamodel; sourceTree = "<group>"; };
		DFD12D371BB1D82E00EF6079 /* Assets.xcassets */ = {isa = PBXFileReference; lastKnownFileType = folder.assetcatalog; path = Assets.xcassets; sourceTree = "<group>"; };
		DFD12D3A1BB1D82E00EF6079 /* Base */ = {isa = PBXFileReference; lastKnownFileType = file.storyboard; name = Base; path = Base.lproj/LaunchScreen.storyboard; sourceTree = "<group>"; };
		DFD12D3C1BB1D82E00EF6079 /* Info.plist */ = {isa = PBXFileReference; lastKnownFileType = text.plist.xml; path = Info.plist; sourceTree = "<group>"; };
		DFD12D411BB1D82E00EF6079 /* Jade-SwiftTests.xctest */ = {isa = PBXFileReference; explicitFileType = wrapper.cfbundle; includeInIndex = 0; path = "Jade-SwiftTests.xctest"; sourceTree = BUILT_PRODUCTS_DIR; };
		DFD12D451BB1D82E00EF6079 /* Jade_SwiftTests.swift */ = {isa = PBXFileReference; lastKnownFileType = sourcecode.swift; path = Jade_SwiftTests.swift; sourceTree = "<group>"; };
		DFD12D471BB1D82E00EF6079 /* Info.plist */ = {isa = PBXFileReference; lastKnownFileType = text.plist.xml; path = Info.plist; sourceTree = "<group>"; };
		DFD12D4C1BB1D82E00EF6079 /* Jade-SwiftUITests.xctest */ = {isa = PBXFileReference; explicitFileType = wrapper.cfbundle; includeInIndex = 0; path = "Jade-SwiftUITests.xctest"; sourceTree = BUILT_PRODUCTS_DIR; };
		DFD12D501BB1D82E00EF6079 /* Jade_SwiftUITests.swift */ = {isa = PBXFileReference; lastKnownFileType = sourcecode.swift; path = Jade_SwiftUITests.swift; sourceTree = "<group>"; };
		DFD12D521BB1D82E00EF6079 /* Info.plist */ = {isa = PBXFileReference; lastKnownFileType = text.plist.xml; path = Info.plist; sourceTree = "<group>"; };
/* End PBXFileReference section */

/* Begin PBXFrameworksBuildPhase section */
		DFD12D271BB1D82E00EF6079 /* Frameworks */ = {
			isa = PBXFrameworksBuildPhase;
			buildActionMask = 2147483647;
			files = (
				DF37DB071BB1E200000FE952 /* MapKit.framework in Frameworks */,
				4B358A774DC6440F7A28F6D5 /* Pods_Jade_Swift.framework in Frameworks */,
			);
			runOnlyForDeploymentPostprocessing = 0;
		};
		DFD12D3E1BB1D82E00EF6079 /* Frameworks */ = {
			isa = PBXFrameworksBuildPhase;
			buildActionMask = 2147483647;
			files = (
			);
			runOnlyForDeploymentPostprocessing = 0;
		};
		DFD12D491BB1D82E00EF6079 /* Frameworks */ = {
			isa = PBXFrameworksBuildPhase;
			buildActionMask = 2147483647;
			files = (
			);
			runOnlyForDeploymentPostprocessing = 0;
		};
/* End PBXFrameworksBuildPhase section */

/* Begin PBXGroup section */
		5C62AD4A8692DB328E0C45B0 /* Frameworks */ = {
			isa = PBXGroup;
			children = (
				DF37DB061BB1E200000FE952 /* MapKit.framework */,
				0055F87D393F84552D3B38AC /* Pods_Jade_Swift.framework */,
			);
			name = Frameworks;
			sourceTree = "<group>";
		};
		DFD12D211BB1D82E00EF6079 = {
			isa = PBXGroup;
			children = (
				DFD12D2C1BB1D82E00EF6079 /* Jade-Swift */,
				DFD12D441BB1D82E00EF6079 /* Jade-SwiftTests */,
				DFD12D4F1BB1D82E00EF6079 /* Jade-SwiftUITests */,
				DFD12D2B1BB1D82E00EF6079 /* Products */,
				E2CEB3B108AA414B728645F4 /* Pods */,
				5C62AD4A8692DB328E0C45B0 /* Frameworks */,
			);
			sourceTree = "<group>";
		};
		DFD12D2B1BB1D82E00EF6079 /* Products */ = {
			isa = PBXGroup;
			children = (
				DFD12D2A1BB1D82E00EF6079 /* Jade-Swift.app */,
				DFD12D411BB1D82E00EF6079 /* Jade-SwiftTests.xctest */,
				DFD12D4C1BB1D82E00EF6079 /* Jade-SwiftUITests.xctest */,
			);
			name = Products;
			sourceTree = "<group>";
		};
		DFD12D2C1BB1D82E00EF6079 /* Jade-Swift */ = {
			isa = PBXGroup;
			children = (
				DFD12D2D1BB1D82E00EF6079 /* AppDelegate.swift */,
				DFD12D2F1BB1D82E00EF6079 /* MapViewController.swift */,
				DFD12D311BB1D82E00EF6079 /* Main.storyboard */,
				DFD12D371BB1D82E00EF6079 /* Assets.xcassets */,
				DFD12D391BB1D82E00EF6079 /* LaunchScreen.storyboard */,
				DFD12D3C1BB1D82E00EF6079 /* Info.plist */,
				DFD12D341BB1D82E00EF6079 /* Jade_Swift.xcdatamodeld */,
			);
			path = "Jade-Swift";
			sourceTree = "<group>";
		};
		DFD12D441BB1D82E00EF6079 /* Jade-SwiftTests */ = {
			isa = PBXGroup;
			children = (
				DFD12D451BB1D82E00EF6079 /* Jade_SwiftTests.swift */,
				DFD12D471BB1D82E00EF6079 /* Info.plist */,
			);
			path = "Jade-SwiftTests";
			sourceTree = "<group>";
		};
		DFD12D4F1BB1D82E00EF6079 /* Jade-SwiftUITests */ = {
			isa = PBXGroup;
			children = (
				DFD12D501BB1D82E00EF6079 /* Jade_SwiftUITests.swift */,
				DFD12D521BB1D82E00EF6079 /* Info.plist */,
			);
			path = "Jade-SwiftUITests";
			sourceTree = "<group>";
		};
		E2CEB3B108AA414B728645F4 /* Pods */ = {
			isa = PBXGroup;
			children = (
				7C9D557944F785BB992D9BD3 /* Pods-Jade-Swift.debug.xcconfig */,
				87C958952A04AB216A0D82C0 /* Pods-Jade-Swift.release.xcconfig */,
			);
			name = Pods;
			sourceTree = "<group>";
		};
/* End PBXGroup section */

/* Begin PBXNativeTarget section */
		DFD12D291BB1D82E00EF6079 /* Jade-Swift */ = {
			isa = PBXNativeTarget;
			buildConfigurationList = DFD12D551BB1D82E00EF6079 /* Build configuration list for PBXNativeTarget "Jade-Swift" */;
			buildPhases = (
				4E6180A4757DC730D6AB3795 /* Check Pods Manifest.lock */,
				DFD12D261BB1D82E00EF6079 /* Sources */,
				DFD12D271BB1D82E00EF6079 /* Frameworks */,
				DFD12D281BB1D82E00EF6079 /* Resources */,
				6658743DD77E62A0C81D207E /* Copy Pods Resources */,
				A6270005709164F8FD50810B /* Embed Pods Frameworks */,
			);
			buildRules = (
			);
			dependencies = (
			);
			name = "Jade-Swift";
			productName = "Jade-Swift";
			productReference = DFD12D2A1BB1D82E00EF6079 /* Jade-Swift.app */;
			productType = "com.apple.product-type.application";
		};
		DFD12D401BB1D82E00EF6079 /* Jade-SwiftTests */ = {
			isa = PBXNativeTarget;
			buildConfigurationList = DFD12D581BB1D82E00EF6079 /* Build configuration list for PBXNativeTarget "Jade-SwiftTests" */;
			buildPhases = (
				DFD12D3D1BB1D82E00EF6079 /* Sources */,
				DFD12D3E1BB1D82E00EF6079 /* Frameworks */,
				DFD12D3F1BB1D82E00EF6079 /* Resources */,
			);
			buildRules = (
			);
			dependencies = (
				DFD12D431BB1D82E00EF6079 /* PBXTargetDependency */,
			);
			name = "Jade-SwiftTests";
			productName = "Jade-SwiftTests";
			productReference = DFD12D411BB1D82E00EF6079 /* Jade-SwiftTests.xctest */;
			productType = "com.apple.product-type.bundle.unit-test";
		};
		DFD12D4B1BB1D82E00EF6079 /* Jade-SwiftUITests */ = {
			isa = PBXNativeTarget;
			buildConfigurationList = DFD12D5B1BB1D82E00EF6079 /* Build configuration list for PBXNativeTarget "Jade-SwiftUITests" */;
			buildPhases = (
				DFD12D481BB1D82E00EF6079 /* Sources */,
				DFD12D491BB1D82E00EF6079 /* Frameworks */,
				DFD12D4A1BB1D82E00EF6079 /* Resources */,
			);
			buildRules = (
			);
			dependencies = (
				DFD12D4E1BB1D82E00EF6079 /* PBXTargetDependency */,
			);
			name = "Jade-SwiftUITests";
			productName = "Jade-SwiftUITests";
			productReference = DFD12D4C1BB1D82E00EF6079 /* Jade-SwiftUITests.xctest */;
			productType = "com.apple.product-type.bundle.ui-testing";
		};
/* End PBXNativeTarget section */

/* Begin PBXProject section */
		DFD12D221BB1D82E00EF6079 /* Project object */ = {
			isa = PBXProject;
			attributes = {
				LastUpgradeCheck = 0700;
				ORGANIZATIONNAME = Brozh;
				TargetAttributes = {
					DFD12D291BB1D82E00EF6079 = {
						CreatedOnToolsVersion = 7.0;
						SystemCapabilities = {
							com.apple.Maps.iOS = {
								enabled = 1;
							};
						};
					};
					DFD12D401BB1D82E00EF6079 = {
						CreatedOnToolsVersion = 7.0;
						TestTargetID = DFD12D291BB1D82E00EF6079;
					};
					DFD12D4B1BB1D82E00EF6079 = {
						CreatedOnToolsVersion = 7.0;
						TestTargetID = DFD12D291BB1D82E00EF6079;
					};
				};
			};
			buildConfigurationList = DFD12D251BB1D82E00EF6079 /* Build configuration list for PBXProject "Jade-Swift" */;
			compatibilityVersion = "Xcode 3.2";
			developmentRegion = English;
			hasScannedForEncodings = 0;
			knownRegions = (
				en,
				Base,
			);
			mainGroup = DFD12D211BB1D82E00EF6079;
			productRefGroup = DFD12D2B1BB1D82E00EF6079 /* Products */;
			projectDirPath = "";
			projectRoot = "";
			targets = (
				DFD12D291BB1D82E00EF6079 /* Jade-Swift */,
				DFD12D401BB1D82E00EF6079 /* Jade-SwiftTests */,
				DFD12D4B1BB1D82E00EF6079 /* Jade-SwiftUITests */,
			);
		};
/* End PBXProject section */

/* Begin PBXResourcesBuildPhase section */
		DFD12D281BB1D82E00EF6079 /* Resources */ = {
			isa = PBXResourcesBuildPhase;
			buildActionMask = 2147483647;
			files = (
				DFD12D3B1BB1D82E00EF6079 /* LaunchScreen.storyboard in Resources */,
				DFD12D381BB1D82E00EF6079 /* Assets.xcassets in Resources */,
				DFD12D331BB1D82E00EF6079 /* Main.storyboard in Resources */,
			);
			runOnlyForDeploymentPostprocessing = 0;
		};
		DFD12D3F1BB1D82E00EF6079 /* Resources */ = {
			isa = PBXResourcesBuildPhase;
			buildActionMask = 2147483647;
			files = (
			);
			runOnlyForDeploymentPostprocessing = 0;
		};
		DFD12D4A1BB1D82E00EF6079 /* Resources */ = {
			isa = PBXResourcesBuildPhase;
			buildActionMask = 2147483647;
			files = (
			);
			runOnlyForDeploymentPostprocessing = 0;
		};
/* End PBXResourcesBuildPhase section */

/* Begin PBXShellScriptBuildPhase section */
		4E6180A4757DC730D6AB3795 /* Check Pods Manifest.lock */ = {
			isa = PBXShellScriptBuildPhase;
			buildActionMask = 2147483647;
			files = (
			);
			inputPaths = (
			);
			name = "Check Pods Manifest.lock";
			outputPaths = (
			);
			runOnlyForDeploymentPostprocessing = 0;
			shellPath = /bin/sh;
			shellScript = "diff \"${PODS_ROOT}/../Podfile.lock\" \"${PODS_ROOT}/Manifest.lock\" > /dev/null\nif [[ $? != 0 ]] ; then\n    cat << EOM\nerror: The sandbox is not in sync with the Podfile.lock. Run 'pod install' or update your CocoaPods installation.\nEOM\n    exit 1\nfi\n";
			showEnvVarsInLog = 0;
		};
		6658743DD77E62A0C81D207E /* Copy Pods Resources */ = {
			isa = PBXShellScriptBuildPhase;
			buildActionMask = 2147483647;
			files = (
			);
			inputPaths = (
			);
			name = "Copy Pods Resources";
			outputPaths = (
			);
			runOnlyForDeploymentPostprocessing = 0;
			shellPath = /bin/sh;
			shellScript = "\"${SRCROOT}/Pods/Target Support Files/Pods-Jade-Swift/Pods-Jade-Swift-resources.sh\"\n";
			showEnvVarsInLog = 0;
		};
		A6270005709164F8FD50810B /* Embed Pods Frameworks */ = {
			isa = PBXShellScriptBuildPhase;
			buildActionMask = 2147483647;
			files = (
			);
			inputPaths = (
			);
			name = "Embed Pods Frameworks";
			outputPaths = (
			);
			runOnlyForDeploymentPostprocessing = 0;
			shellPath = /bin/sh;
			shellScript = "\"${SRCROOT}/Pods/Target Support Files/Pods-Jade-Swift/Pods-Jade-Swift-frameworks.sh\"\n";
			showEnvVarsInLog = 0;
		};
/* End PBXShellScriptBuildPhase section */

/* Begin PBXSourcesBuildPhase section */
		DFD12D261BB1D82E00EF6079 /* Sources */ = {
			isa = PBXSourcesBuildPhase;
			buildActionMask = 2147483647;
			files = (
				DFD12D301BB1D82E00EF6079 /* MapViewController.swift in Sources */,
				DFD12D361BB1D82E00EF6079 /* Jade_Swift.xcdatamodeld in Sources */,
				DFD12D2E1BB1D82E00EF6079 /* AppDelegate.swift in Sources */,
			);
			runOnlyForDeploymentPostprocessing = 0;
		};
		DFD12D3D1BB1D82E00EF6079 /* Sources */ = {
			isa = PBXSourcesBuildPhase;
			buildActionMask = 2147483647;
			files = (
				DFD12D461BB1D82E00EF6079 /* Jade_SwiftTests.swift in Sources */,
			);
			runOnlyForDeploymentPostprocessing = 0;
		};
		DFD12D481BB1D82E00EF6079 /* Sources */ = {
			isa = PBXSourcesBuildPhase;
			buildActionMask = 2147483647;
			files = (
				DFD12D511BB1D82E00EF6079 /* Jade_SwiftUITests.swift in Sources */,
			);
			runOnlyForDeploymentPostprocessing = 0;
		};
/* End PBXSourcesBuildPhase section */

/* Begin PBXTargetDependency section */
		DFD12D431BB1D82E00EF6079 /* PBXTargetDependency */ = {
			isa = PBXTargetDependency;
			target = DFD12D291BB1D82E00EF6079 /* Jade-Swift */;
			targetProxy = DFD12D421BB1D82E00EF6079 /* PBXContainerItemProxy */;
		};
		DFD12D4E1BB1D82E00EF6079 /* PBXTargetDependency */ = {
			isa = PBXTargetDependency;
			target = DFD12D291BB1D82E00EF6079 /* Jade-Swift */;
			targetProxy = DFD12D4D1BB1D82E00EF6079 /* PBXContainerItemProxy */;
		};
/* End PBXTargetDependency section */

/* Begin PBXVariantGroup section */
		DFD12D311BB1D82E00EF6079 /* Main.storyboard */ = {
			isa = PBXVariantGroup;
			children = (
				DFD12D321BB1D82E00EF6079 /* Base */,
			);
			name = Main.storyboard;
			sourceTree = "<group>";
		};
		DFD12D391BB1D82E00EF6079 /* LaunchScreen.storyboard */ = {
			isa = PBXVariantGroup;
			children = (
				DFD12D3A1BB1D82E00EF6079 /* Base */,
			);
			name = LaunchScreen.storyboard;
			sourceTree = "<group>";
		};
/* End PBXVariantGroup section */

/* Begin XCBuildConfiguration section */
		DFD12D531BB1D82E00EF6079 /* Debug */ = {
			isa = XCBuildConfiguration;
			buildSettings = {
				ALWAYS_SEARCH_USER_PATHS = NO;
				CLANG_CXX_LANGUAGE_STANDARD = "gnu++0x";
				CLANG_CXX_LIBRARY = "libc++";
				CLANG_ENABLE_MODULES = YES;
				CLANG_ENABLE_OBJC_ARC = YES;
				CLANG_WARN_BOOL_CONVERSION = YES;
				CLANG_WARN_CONSTANT_CONVERSION = YES;
				CLANG_WARN_DIRECT_OBJC_ISA_USAGE = YES_ERROR;
				CLANG_WARN_EMPTY_BODY = YES;
				CLANG_WARN_ENUM_CONVERSION = YES;
				CLANG_WARN_INT_CONVERSION = YES;
				CLANG_WARN_OBJC_ROOT_CLASS = YES_ERROR;
				CLANG_WARN_UNREACHABLE_CODE = YES;
				CLANG_WARN__DUPLICATE_METHOD_MATCH = YES;
				"CODE_SIGN_IDENTITY[sdk=iphoneos*]" = "iPhone Developer";
				COPY_PHASE_STRIP = NO;
				DEBUG_INFORMATION_FORMAT = dwarf;
				ENABLE_STRICT_OBJC_MSGSEND = YES;
				ENABLE_TESTABILITY = YES;
				GCC_C_LANGUAGE_STANDARD = gnu99;
				GCC_DYNAMIC_NO_PIC = NO;
				GCC_NO_COMMON_BLOCKS = YES;
				GCC_OPTIMIZATION_LEVEL = 0;
				GCC_PREPROCESSOR_DEFINITIONS = (
					"DEBUG=1",
					"$(inherited)",
				);
				GCC_WARN_64_TO_32_BIT_CONVERSION = YES;
				GCC_WARN_ABOUT_RETURN_TYPE = YES_ERROR;
				GCC_WARN_UNDECLARED_SELECTOR = YES;
				GCC_WARN_UNINITIALIZED_AUTOS = YES_AGGRESSIVE;
				GCC_WARN_UNUSED_FUNCTION = YES;
				GCC_WARN_UNUSED_VARIABLE = YES;
				IPHONEOS_DEPLOYMENT_TARGET = 9.0;
				MTL_ENABLE_DEBUG_INFO = YES;
				ONLY_ACTIVE_ARCH = YES;
				SDKROOT = iphoneos;
				SWIFT_OPTIMIZATION_LEVEL = "-Onone";
			};
			name = Debug;
		};
		DFD12D541BB1D82E00EF6079 /* Release */ = {
			isa = XCBuildConfiguration;
			buildSettings = {
				ALWAYS_SEARCH_USER_PATHS = NO;
				CLANG_CXX_LANGUAGE_STANDARD = "gnu++0x";
				CLANG_CXX_LIBRARY = "libc++";
				CLANG_ENABLE_MODULES = YES;
				CLANG_ENABLE_OBJC_ARC = YES;
				CLANG_WARN_BOOL_CONVERSION = YES;
				CLANG_WARN_CONSTANT_CONVERSION = YES;
				CLANG_WARN_DIRECT_OBJC_ISA_USAGE = YES_ERROR;
				CLANG_WARN_EMPTY_BODY = YES;
				CLANG_WARN_ENUM_CONVERSION = YES;
				CLANG_WARN_INT_CONVERSION = YES;
				CLANG_WARN_OBJC_ROOT_CLASS = YES_ERROR;
				CLANG_WARN_UNREACHABLE_CODE = YES;
				CLANG_WARN__DUPLICATE_METHOD_MATCH = YES;
				"CODE_SIGN_IDENTITY[sdk=iphoneos*]" = "iPhone Developer";
				COPY_PHASE_STRIP = NO;
				DEBUG_INFORMATION_FORMAT = "dwarf-with-dsym";
				ENABLE_NS_ASSERTIONS = NO;
				ENABLE_STRICT_OBJC_MSGSEND = YES;
				GCC_C_LANGUAGE_STANDARD = gnu99;
				GCC_NO_COMMON_BLOCKS = YES;
				GCC_WARN_64_TO_32_BIT_CONVERSION = YES;
				GCC_WARN_ABOUT_RETURN_TYPE = YES_ERROR;
				GCC_WARN_UNDECLARED_SELECTOR = YES;
				GCC_WARN_UNINITIALIZED_AUTOS = YES_AGGRESSIVE;
				GCC_WARN_UNUSED_FUNCTION = YES;
				GCC_WARN_UNUSED_VARIABLE = YES;
				IPHONEOS_DEPLOYMENT_TARGET = 9.0;
				MTL_ENABLE_DEBUG_INFO = NO;
				SDKROOT = iphoneos;
				VALIDATE_PRODUCT = YES;
			};
			name = Release;
		};
		DFD12D561BB1D82E00EF6079 /* Debug */ = {
			isa = XCBuildConfiguration;
			baseConfigurationReference = 7C9D557944F785BB992D9BD3 /* Pods-Jade-Swift.debug.xcconfig */;
			buildSettings = {
				ASSETCATALOG_COMPILER_APPICON_NAME = AppIcon;
				HEADER_SEARCH_PATHS = (
					"$(inherited)",
					"\"${PODS_ROOT}/Headers/Public\"",
				);
				INFOPLIST_FILE = "Jade-Swift/Info.plist";
				IPHONEOS_DEPLOYMENT_TARGET = 8.0;
				LD_RUNPATH_SEARCH_PATHS = "$(inherited) @executable_path/Frameworks";
				OTHER_CFLAGS = (
					"$(inherited)",
					"-isystem",
					"\"${PODS_ROOT}/Headers/Public\"",
					"-isystem",
				);
				OTHER_LDFLAGS = (
					"$(inherited)",
					"-ObjC",
					"-framework",
					"\"Accelerate\"",
					"-framework",
					"\"QuartzCore\"",
				);
				PRODUCT_BUNDLE_IDENTIFIER = "com.brozh.Jade-Swift";
				PRODUCT_NAME = "$(TARGET_NAME)";
			};
			name = Debug;
		};
		DFD12D571BB1D82E00EF6079 /* Release */ = {
			isa = XCBuildConfiguration;
			baseConfigurationReference = 87C958952A04AB216A0D82C0 /* Pods-Jade-Swift.release.xcconfig */;
			buildSettings = {
				ASSETCATALOG_COMPILER_APPICON_NAME = AppIcon;
				HEADER_SEARCH_PATHS = (
					"$(inherited)",
					"\"${PODS_ROOT}/Headers/Public\"",
				);
				INFOPLIST_FILE = "Jade-Swift/Info.plist";
				IPHONEOS_DEPLOYMENT_TARGET = 8.0;
				LD_RUNPATH_SEARCH_PATHS = "$(inherited) @executable_path/Frameworks";
				OTHER_CFLAGS = (
					"$(inherited)",
					"-isystem",
					"\"${PODS_ROOT}/Headers/Public\"",
					"-isystem",
				);
				OTHER_LDFLAGS = (
					"$(inherited)",
					"-ObjC",
					"-framework",
					"\"Accelerate\"",
					"-framework",
					"\"QuartzCore\"",
				);
				PRODUCT_BUNDLE_IDENTIFIER = "com.brozh.Jade-Swift";
				PRODUCT_NAME = "$(TARGET_NAME)";
			};
			name = Release;
		};
		DFD12D591BB1D82E00EF6079 /* Debug */ = {
			isa = XCBuildConfiguration;
			buildSettings = {
				BUNDLE_LOADER = "$(TEST_HOST)";
				INFOPLIST_FILE = "Jade-SwiftTests/Info.plist";
				LD_RUNPATH_SEARCH_PATHS = "$(inherited) @executable_path/Frameworks @loader_path/Frameworks";
				PRODUCT_BUNDLE_IDENTIFIER = "com.brozh.Jade-SwiftTests";
				PRODUCT_NAME = "$(TARGET_NAME)";
				TEST_HOST = "$(BUILT_PRODUCTS_DIR)/Jade-Swift.app/Jade-Swift";
			};
			name = Debug;
		};
		DFD12D5A1BB1D82E00EF6079 /* Release */ = {
			isa = XCBuildConfiguration;
			buildSettings = {
				BUNDLE_LOADER = "$(TEST_HOST)";
				INFOPLIST_FILE = "Jade-SwiftTests/Info.plist";
				LD_RUNPATH_SEARCH_PATHS = "$(inherited) @executable_path/Frameworks @loader_path/Frameworks";
				PRODUCT_BUNDLE_IDENTIFIER = "com.brozh.Jade-SwiftTests";
				PRODUCT_NAME = "$(TARGET_NAME)";
				TEST_HOST = "$(BUILT_PRODUCTS_DIR)/Jade-Swift.app/Jade-Swift";
			};
			name = Release;
		};
		DFD12D5C1BB1D82E00EF6079 /* Debug */ = {
			isa = XCBuildConfiguration;
			buildSettings = {
				INFOPLIST_FILE = "Jade-SwiftUITests/Info.plist";
				LD_RUNPATH_SEARCH_PATHS = "$(inherited) @executable_path/Frameworks @loader_path/Frameworks";
				PRODUCT_BUNDLE_IDENTIFIER = "com.brozh.Jade-SwiftUITests";
				PRODUCT_NAME = "$(TARGET_NAME)";
				TEST_TARGET_NAME = "Jade-Swift";
				USES_XCTRUNNER = YES;
			};
			name = Debug;
		};
		DFD12D5D1BB1D82E00EF6079 /* Release */ = {
			isa = XCBuildConfiguration;
			buildSettings = {
				INFOPLIST_FILE = "Jade-SwiftUITests/Info.plist";
				LD_RUNPATH_SEARCH_PATHS = "$(inherited) @executable_path/Frameworks @loader_path/Frameworks";
				PRODUCT_BUNDLE_IDENTIFIER = "com.brozh.Jade-SwiftUITests";
				PRODUCT_NAME = "$(TARGET_NAME)";
				TEST_TARGET_NAME = "Jade-Swift";
				USES_XCTRUNNER = YES;
			};
			name = Release;
		};
/* End XCBuildConfiguration section */

/* Begin XCConfigurationList section */
		DFD12D251BB1D82E00EF6079 /* Build configuration list for PBXProject "Jade-Swift" */ = {
			isa = XCConfigurationList;
			buildConfigurations = (
				DFD12D531BB1D82E00EF6079 /* Debug */,
				DFD12D541BB1D82E00EF6079 /* Release */,
			);
			defaultConfigurationIsVisible = 0;
			defaultConfigurationName = Release;
		};
		DFD12D551BB1D82E00EF6079 /* Build configuration list for PBXNativeTarget "Jade-Swift" */ = {
			isa = XCConfigurationList;
			buildConfigurations = (
				DFD12D561BB1D82E00EF6079 /* Debug */,
				DFD12D571BB1D82E00EF6079 /* Release */,
			);
			defaultConfigurationIsVisible = 0;
			defaultConfigurationName = Release;
		};
		DFD12D581BB1D82E00EF6079 /* Build configuration list for PBXNativeTarget "Jade-SwiftTests" */ = {
			isa = XCConfigurationList;
			buildConfigurations = (
				DFD12D591BB1D82E00EF6079 /* Debug */,
				DFD12D5A1BB1D82E00EF6079 /* Release */,
			);
			defaultConfigurationIsVisible = 0;
			defaultConfigurationName = Release;
		};
		DFD12D5B1BB1D82E00EF6079 /* Build configuration list for PBXNativeTarget "Jade-SwiftUITests" */ = {
			isa = XCConfigurationList;
			buildConfigurations = (
				DFD12D5C1BB1D82E00EF6079 /* Debug */,
				DFD12D5D1BB1D82E00EF6079 /* Release */,
			);
			defaultConfigurationIsVisible = 0;
			defaultConfigurationName = Release;
		};
/* End XCConfigurationList section */

/* Begin XCVersionGroup section */
		DFD12D341BB1D82E00EF6079 /* Jade_Swift.xcdatamodeld */ = {
			isa = XCVersionGroup;
			children = (
				DFD12D351BB1D82E00EF6079 /* Jade_Swift.xcdatamodel */,
			);
			currentVersion = DFD12D351BB1D82E00EF6079 /* Jade_Swift.xcdatamodel */;
			path = Jade_Swift.xcdatamodeld;
			sourceTree = "<group>";
			versionGroupType = wrapper.xcdatamodel;
		};
/* End XCVersionGroup section */
	};
	rootObject = DFD12D221BB1D82E00EF6079 /* Project object */;
}
